
Microsoft Visual Studio Solution File, Format Version 12.00
# Visual Studio Version 17
VisualStudioVersion = 17.9.34728.123
MinimumVisualStudioVersion = 10.0.40219.1
Project("{9A19103F-16F7-4668-BE54-9A1E7A4F7556}") = "prueba", "prueba\prueba.csproj", "{A2B38798-158B-42FF-ABE9-183364D65B72}"
EndProject
Project("{E53339B2-1760-4266-BCC7-CA923CBCF16C}") = "docker-compose", "docker-compose.dcproj", "{2D65691D-9EDA-48BC-811B-26F694E86967}"
EndProject
Global
	GlobalSection(SolutionConfigurationPlatforms) = preSolution
		Debug|Any CPU = Debug|Any CPU
		Release|Any CPU = Release|Any CPU
	EndGlobalSection
	GlobalSection(ProjectConfigurationPlatforms) = postSolution
		{A2B38798-158B-42FF-ABE9-183364D65B72}.Debug|Any CPU.ActiveCfg = Debug|Any CPU
		{A2B38798-158B-42FF-ABE9-183364D65B72}.Debug|Any CPU.Build.0 = Debug|Any CPU
		{A2B38798-158B-42FF-ABE9-183364D65B72}.Release|Any CPU.ActiveCfg = Release|Any CPU
		{A2B38798-158B-42FF-ABE9-183364D65B72}.Release|Any CPU.Build.0 = Release|Any CPU
		{2D65691D-9EDA-48BC-811B-26F694E86967}.Debug|Any CPU.ActiveCfg = Debug|Any CPU
		{2D65691D-9EDA-48BC-811B-26F694E86967}.Debug|Any CPU.Build.0 = Debug|Any CPU
		{2D65691D-9EDA-48BC-811B-26F694E86967}.Release|Any CPU.ActiveCfg = Release|Any CPU
		{2D65691D-9EDA-48BC-811B-26F694E86967}.Release|Any CPU.Build.0 = Release|Any CPU
	EndGlobalSection
	GlobalSection(SolutionProperties) = preSolution
		HideSolutionNode = FALSE
	EndGlobalSection
	GlobalSection(ExtensibilityGlobals) = postSolution
		SolutionGuid = {DE7CB357-2516-4456-97AC-5FB57BF7E6C7}
	EndGlobalSection
EndGlobal
